
Microsoft Visual Studio Solution File, Format Version 12.00
Project("{FAE04EC0-301F-11D3-BF4B-00C04F79EFBC}") = "DocumentClassifier", "DocumentClassifier\DocumentClassifier.csproj", "{2D70B281-E232-4E6A-A4A4-EE5826E4887E}"
EndProject
Project("{FAE04EC0-301F-11D3-BF4B-00C04F79EFBC}") = "TestClient", "TestClient\TestClient.csproj", "{E180876A-A545-463F-9FCB-0CF4988F0412}"
EndProject
Global
	GlobalSection(SolutionConfigurationPlatforms) = preSolution
		Debug|Any CPU = Debug|Any CPU
		Release|Any CPU = Release|Any CPU
	EndGlobalSection
	GlobalSection(ProjectConfigurationPlatforms) = postSolution
		{2D70B281-E232-4E6A-A4A4-EE5826E4887E}.Debug|Any CPU.ActiveCfg = Debug|Any CPU
		{2D70B281-E232-4E6A-A4A4-EE5826E4887E}.Debug|Any CPU.Build.0 = Debug|Any CPU
		{2D70B281-E232-4E6A-A4A4-EE5826E4887E}.Release|Any CPU.ActiveCfg = Release|Any CPU
		{2D70B281-E232-4E6A-A4A4-EE5826E4887E}.Release|Any CPU.Build.0 = Release|Any CPU
		{E180876A-A545-463F-9FCB-0CF4988F0412}.Debug|Any CPU.ActiveCfg = Debug|Any CPU
		{E180876A-A545-463F-9FCB-0CF4988F0412}.Debug|Any CPU.Build.0 = Debug|Any CPU
		{E180876A-A545-463F-9FCB-0CF4988F0412}.Release|Any CPU.ActiveCfg = Release|Any CPU
		{E180876A-A545-463F-9FCB-0CF4988F0412}.Release|Any CPU.Build.0 = Release|Any CPU
	EndGlobalSection
EndGlobal
